// !$*UTF8*$!
{
	archiveVersion = 1;
	classes = {
	};
	objectVersion = 55;
	objects = {

/* Begin PBXBuildFile section */
		4ED31F60286D195E00F60CB3 /* Tests_iOS.swift in Sources */ = {isa = PBXBuildFile; fileRef = 4ED31F5F286D195E00F60CB3 /* Tests_iOS.swift */; };
		4ED31F62286D195E00F60CB3 /* Tests_iOSLaunchTests.swift in Sources */ = {isa = PBXBuildFile; fileRef = 4ED31F61286D195E00F60CB3 /* Tests_iOSLaunchTests.swift */; };
		4ED31F6C286D195E00F60CB3 /* Tests_macOS.swift in Sources */ = {isa = PBXBuildFile; fileRef = 4ED31F6B286D195E00F60CB3 /* Tests_macOS.swift */; };
		4ED31F6E286D195E00F60CB3 /* Tests_macOSLaunchTests.swift in Sources */ = {isa = PBXBuildFile; fileRef = 4ED31F6D286D195E00F60CB3 /* Tests_macOSLaunchTests.swift */; };
		4ED31F6F286D195E00F60CB3 /* DoggoApp.swift in Sources */ = {isa = PBXBuildFile; fileRef = 4ED31F47286D195C00F60CB3 /* DoggoApp.swift */; };
		4ED31F70286D195E00F60CB3 /* DoggoApp.swift in Sources */ = {isa = PBXBuildFile; fileRef = 4ED31F47286D195C00F60CB3 /* DoggoApp.swift */; };
		4ED31F71286D195E00F60CB3 /* ContentView.swift in Sources */ = {isa = PBXBuildFile; fileRef = 4ED31F48286D195C00F60CB3 /* ContentView.swift */; };
		4ED31F72286D195E00F60CB3 /* ContentView.swift in Sources */ = {isa = PBXBuildFile; fileRef = 4ED31F48286D195C00F60CB3 /* ContentView.swift */; };
		4ED31F73286D195E00F60CB3 /* Assets.xcassets in Resources */ = {isa = PBXBuildFile; fileRef = 4ED31F49286D195E00F60CB3 /* Assets.xcassets */; };
		4ED31F74286D195E00F60CB3 /* Assets.xcassets in Resources */ = {isa = PBXBuildFile; fileRef = 4ED31F49286D195E00F60CB3 /* Assets.xcassets */; };
		4ED31F85286D1FCC00F60CB3 /* auth.swift in Sources */ = {isa = PBXBuildFile; fileRef = 4ED31F84286D1FCC00F60CB3 /* auth.swift */; };
		4ED31F86286D1FCC00F60CB3 /* auth.swift in Sources */ = {isa = PBXBuildFile; fileRef = 4ED31F84286D1FCC00F60CB3 /* auth.swift */; };
/* End PBXBuildFile section */

/* Begin PBXContainerItemProxy section */
		4ED31F5C286D195E00F60CB3 /* PBXContainerItemProxy */ = {
			isa = PBXContainerItemProxy;
			containerPortal = 4ED31F42286D195C00F60CB3 /* Project object */;
			proxyType = 1;
			remoteGlobalIDString = 4ED31F4D286D195E00F60CB3;
			remoteInfo = "Doggo (iOS)";
		};
		4ED31F68286D195E00F60CB3 /* PBXContainerItemProxy */ = {
			isa = PBXContainerItemProxy;
			containerPortal = 4ED31F42286D195C00F60CB3 /* Project object */;
			proxyType = 1;
			remoteGlobalIDString = 4ED31F53286D195E00F60CB3;
			remoteInfo = "Doggo (macOS)";
		};
/* End PBXContainerItemProxy section */

/* Begin PBXFileReference section */
		4ED31F47286D195C00F60CB3 /* DoggoApp.swift */ = {isa = PBXFileReference; lastKnownFileType = sourcecode.swift; path = DoggoApp.swift; sourceTree = "<group>"; };
		4ED31F48286D195C00F60CB3 /* ContentView.swift */ = {isa = PBXFileReference; lastKnownFileType = sourcecode.swift; path = ContentView.swift; sourceTree = "<group>"; };
		4ED31F49286D195E00F60CB3 /* Assets.xcassets */ = {isa = PBXFileReference; lastKnownFileType = folder.assetcatalog; path = Assets.xcassets; sourceTree = "<group>"; };
		4ED31F4E286D195E00F60CB3 /* Doggo.app */ = {isa = PBXFileReference; explicitFileType = wrapper.application; includeInIndex = 0; path = Doggo.app; sourceTree = BUILT_PRODUCTS_DIR; };
		4ED31F54286D195E00F60CB3 /* Doggo.app */ = {isa = PBXFileReference; explicitFileType = wrapper.application; includeInIndex = 0; path = Doggo.app; sourceTree = BUILT_PRODUCTS_DIR; };
		4ED31F56286D195E00F60CB3 /* macOS.entitlements */ = {isa = PBXFileReference; lastKnownFileType = text.plist.entitlements; path = macOS.entitlements; sourceTree = "<group>"; };
		4ED31F5B286D195E00F60CB3 /* Tests iOS.xctest */ = {isa = PBXFileReference; explicitFileType = wrapper.cfbundle; includeInIndex = 0; path = "Tests iOS.xctest"; sourceTree = BUILT_PRODUCTS_DIR; };
		4ED31F5F286D195E00F60CB3 /* Tests_iOS.swift */ = {isa = PBXFileReference; lastKnownFileType = sourcecode.swift; path = Tests_iOS.swift; sourceTree = "<group>"; };
		4ED31F61286D195E00F60CB3 /* Tests_iOSLaunchTests.swift */ = {isa = PBXFileReference; lastKnownFileType = sourcecode.swift; path = Tests_iOSLaunchTests.swift; sourceTree = "<group>"; };
		4ED31F67286D195E00F60CB3 /* Tests macOS.xctest */ = {isa = PBXFileReference; explicitFileType = wrapper.cfbundle; includeInIndex = 0; path = "Tests macOS.xctest"; sourceTree = BUILT_PRODUCTS_DIR; };
		4ED31F6B286D195E00F60CB3 /* Tests_macOS.swift */ = {isa = PBXFileReference; lastKnownFileType = sourcecode.swift; path = Tests_macOS.swift; sourceTree = "<group>"; };
		4ED31F6D286D195E00F60CB3 /* Tests_macOSLaunchTests.swift */ = {isa = PBXFileReference; lastKnownFileType = sourcecode.swift; path = Tests_macOSLaunchTests.swift; sourceTree = "<group>"; };
		4ED31F84286D1FCC00F60CB3 /* auth.swift */ = {isa = PBXFileReference; lastKnownFileType = sourcecode.swift; path = auth.swift; sourceTree = "<group>"; };
/* End PBXFileReference section */

/* Begin PBXFrameworksBuildPhase section */
		4ED31F4B286D195E00F60CB3 /* Frameworks */ = {
			isa = PBXFrameworksBuildPhase;
			buildActionMask = 2147483647;
			files = (
			);
			runOnlyForDeploymentPostprocessing = 0;
		};
		4ED31F51286D195E00F60CB3 /* Frameworks */ = {
			isa = PBXFrameworksBuildPhase;
			buildActionMask = 2147483647;
			files = (
			);
			runOnlyForDeploymentPostprocessing = 0;
		};
		4ED31F58286D195E00F60CB3 /* Frameworks */ = {
			isa = PBXFrameworksBuildPhase;
			buildActionMask = 2147483647;
			files = (
			);
			runOnlyForDeploymentPostprocessing = 0;
		};
		4ED31F64286D195E00F60CB3 /* Frameworks */ = {
			isa = PBXFrameworksBuildPhase;
			buildActionMask = 2147483647;
			files = (
			);
			runOnlyForDeploymentPostprocessing = 0;
		};
/* End PBXFrameworksBuildPhase section */

/* Begin PBXGroup section */
		4ED31F41286D195C00F60CB3 = {
			isa = PBXGroup;
			children = (
				4ED31F46286D195C00F60CB3 /* Shared */,
				4ED31F55286D195E00F60CB3 /* macOS */,
				4ED31F5E286D195E00F60CB3 /* Tests iOS */,
				4ED31F6A286D195E00F60CB3 /* Tests macOS */,
				4ED31F4F286D195E00F60CB3 /* Products */,
			);
			sourceTree = "<group>";
		};
		4ED31F46286D195C00F60CB3 /* Shared */ = {
			isa = PBXGroup;
			children = (
				4ED31F83286D1FB300F60CB3 /* Api */,
				4ED31F47286D195C00F60CB3 /* DoggoApp.swift */,
				4ED31F48286D195C00F60CB3 /* ContentView.swift */,
				4ED31F49286D195E00F60CB3 /* Assets.xcassets */,
			);
			path = Shared;
			sourceTree = "<group>";
		};
		4ED31F4F286D195E00F60CB3 /* Products */ = {
			isa = PBXGroup;
			children = (
				4ED31F4E286D195E00F60CB3 /* Doggo.app */,
				4ED31F54286D195E00F60CB3 /* Doggo.app */,
				4ED31F5B286D195E00F60CB3 /* Tests iOS.xctest */,
				4ED31F67286D195E00F60CB3 /* Tests macOS.xctest */,
			);
			name = Products;
			sourceTree = "<group>";
		};
		4ED31F55286D195E00F60CB3 /* macOS */ = {
			isa = PBXGroup;
			children = (
				4ED31F56286D195E00F60CB3 /* macOS.entitlements */,
			);
			path = macOS;
			sourceTree = "<group>";
		};
		4ED31F5E286D195E00F60CB3 /* Tests iOS */ = {
			isa = PBXGroup;
			children = (
				4ED31F5F286D195E00F60CB3 /* Tests_iOS.swift */,
				4ED31F61286D195E00F60CB3 /* Tests_iOSLaunchTests.swift */,
			);
			path = "Tests iOS";
			sourceTree = "<group>";
		};
		4ED31F6A286D195E00F60CB3 /* Tests macOS */ = {
			isa = PBXGroup;
			children = (
				4ED31F6B286D195E00F60CB3 /* Tests_macOS.swift */,
				4ED31F6D286D195E00F60CB3 /* Tests_macOSLaunchTests.swift */,
			);
			path = "Tests macOS";
			sourceTree = "<group>";
		};
		4ED31F83286D1FB300F60CB3 /* Api */ = {
			isa = PBXGroup;
			children = (
				4ED31F84286D1FCC00F60CB3 /* auth.swift */,
			);
			path = Api;
			sourceTree = "<group>";
		};
/* End PBXGroup section */

/* Begin PBXNativeTarget section */
		4ED31F4D286D195E00F60CB3 /* Doggo (iOS) */ = {
			isa = PBXNativeTarget;
			buildConfigurationList = 4ED31F77286D195E00F60CB3 /* Build configuration list for PBXNativeTarget "Doggo (iOS)" */;
			buildPhases = (
				4ED31F4A286D195E00F60CB3 /* Sources */,
				4ED31F4B286D195E00F60CB3 /* Frameworks */,
				4ED31F4C286D195E00F60CB3 /* Resources */,
			);
			buildRules = (
			);
			dependencies = (
			);
			name = "Doggo (iOS)";
			productName = "Doggo (iOS)";
			productReference = 4ED31F4E286D195E00F60CB3 /* Doggo.app */;
			productType = "com.apple.product-type.application";
		};
		4ED31F53286D195E00F60CB3 /* Doggo (macOS) */ = {
			isa = PBXNativeTarget;
			buildConfigurationList = 4ED31F7A286D195E00F60CB3 /* Build configuration list for PBXNativeTarget "Doggo (macOS)" */;
			buildPhases = (
				4ED31F50286D195E00F60CB3 /* Sources */,
				4ED31F51286D195E00F60CB3 /* Frameworks */,
				4ED31F52286D195E00F60CB3 /* Resources */,
			);
			buildRules = (
			);
			dependencies = (
			);
			name = "Doggo (macOS)";
			productName = "Doggo (macOS)";
			productReference = 4ED31F54286D195E00F60CB3 /* Doggo.app */;
			productType = "com.apple.product-type.application";
		};
		4ED31F5A286D195E00F60CB3 /* Tests iOS */ = {
			isa = PBXNativeTarget;
			buildConfigurationList = 4ED31F7D286D195E00F60CB3 /* Build configuration list for PBXNativeTarget "Tests iOS" */;
			buildPhases = (
				4ED31F57286D195E00F60CB3 /* Sources */,
				4ED31F58286D195E00F60CB3 /* Frameworks */,
				4ED31F59286D195E00F60CB3 /* Resources */,
			);
			buildRules = (
			);
			dependencies = (
				4ED31F5D286D195E00F60CB3 /* PBXTargetDependency */,
			);
			name = "Tests iOS";
			productName = "Tests iOS";
			productReference = 4ED31F5B286D195E00F60CB3 /* Tests iOS.xctest */;
			productType = "com.apple.product-type.bundle.ui-testing";
		};
		4ED31F66286D195E00F60CB3 /* Tests macOS */ = {
			isa = PBXNativeTarget;
			buildConfigurationList = 4ED31F80286D195E00F60CB3 /* Build configuration list for PBXNativeTarget "Tests macOS" */;
			buildPhases = (
				4ED31F63286D195E00F60CB3 /* Sources */,
				4ED31F64286D195E00F60CB3 /* Frameworks */,
				4ED31F65286D195E00F60CB3 /* Resources */,
			);
			buildRules = (
			);
			dependencies = (
				4ED31F69286D195E00F60CB3 /* PBXTargetDependency */,
			);
			name = "Tests macOS";
			productName = "Tests macOS";
			productReference = 4ED31F67286D195E00F60CB3 /* Tests macOS.xctest */;
			productType = "com.apple.product-type.bundle.ui-testing";
		};
/* End PBXNativeTarget section */

/* Begin PBXProject section */
		4ED31F42286D195C00F60CB3 /* Project object */ = {
			isa = PBXProject;
			attributes = {
				BuildIndependentTargetsInParallel = 1;
				LastSwiftUpdateCheck = 1340;
				LastUpgradeCheck = 1340;
				TargetAttributes = {
					4ED31F4D286D195E00F60CB3 = {
						CreatedOnToolsVersion = 13.4.1;
					};
					4ED31F53286D195E00F60CB3 = {
						CreatedOnToolsVersion = 13.4.1;
					};
					4ED31F5A286D195E00F60CB3 = {
						CreatedOnToolsVersion = 13.4.1;
						TestTargetID = 4ED31F4D286D195E00F60CB3;
					};
					4ED31F66286D195E00F60CB3 = {
						CreatedOnToolsVersion = 13.4.1;
						TestTargetID = 4ED31F53286D195E00F60CB3;
					};
				};
			};
			buildConfigurationList = 4ED31F45286D195C00F60CB3 /* Build configuration list for PBXProject "Doggo" */;
			compatibilityVersion = "Xcode 13.0";
			developmentRegion = en;
			hasScannedForEncodings = 0;
			knownRegions = (
				en,
				Base,
			);
			mainGroup = 4ED31F41286D195C00F60CB3;
			productRefGroup = 4ED31F4F286D195E00F60CB3 /* Products */;
			projectDirPath = "";
			projectRoot = "";
			targets = (
				4ED31F4D286D195E00F60CB3 /* Doggo (iOS) */,
				4ED31F53286D195E00F60CB3 /* Doggo (macOS) */,
				4ED31F5A286D195E00F60CB3 /* Tests iOS */,
				4ED31F66286D195E00F60CB3 /* Tests macOS */,
			);
		};
/* End PBXProject section */

/* Begin PBXResourcesBuildPhase section */
		4ED31F4C286D195E00F60CB3 /* Resources */ = {
			isa = PBXResourcesBuildPhase;
			buildActionMask = 2147483647;
			files = (
				4ED31F73286D195E00F60CB3 /* Assets.xcassets in Resources */,
			);
			runOnlyForDeploymentPostprocessing = 0;
		};
		4ED31F52286D195E00F60CB3 /* Resources */ = {
			isa = PBXResourcesBuildPhase;
			buildActionMask = 2147483647;
			files = (
				4ED31F74286D195E00F60CB3 /* Assets.xcassets in Resources */,
			);
			runOnlyForDeploymentPostprocessing = 0;
		};
		4ED31F59286D195E00F60CB3 /* Resources */ = {
			isa = PBXResourcesBuildPhase;
			buildActionMask = 2147483647;
			files = (
			);
			runOnlyForDeploymentPostprocessing = 0;
		};
		4ED31F65286D195E00F60CB3 /* Resources */ = {
			isa = PBXResourcesBuildPhase;
			buildActionMask = 2147483647;
			files = (
			);
			runOnlyForDeploymentPostprocessing = 0;
		};
/* End PBXResourcesBuildPhase section */

/* Begin PBXSourcesBuildPhase section */
		4ED31F4A286D195E00F60CB3 /* Sources */ = {
			isa = PBXSourcesBuildPhase;
			buildActionMask = 2147483647;
			files = (
				4ED31F71286D195E00F60CB3 /* ContentView.swift in Sources */,
				4ED31F85286D1FCC00F60CB3 /* auth.swift in Sources */,
				4ED31F6F286D195E00F60CB3 /* DoggoApp.swift in Sources */,
			);
			runOnlyForDeploymentPostprocessing = 0;
		};
		4ED31F50286D195E00F60CB3 /* Sources */ = {
			isa = PBXSourcesBuildPhase;
			buildActionMask = 2147483647;
			files = (
				4ED31F72286D195E00F60CB3 /* ContentView.swift in Sources */,
				4ED31F86286D1FCC00F60CB3 /* auth.swift in Sources */,
				4ED31F70286D195E00F60CB3 /* DoggoApp.swift in Sources */,
			);
			runOnlyForDeploymentPostprocessing = 0;
		};
		4ED31F57286D195E00F60CB3 /* Sources */ = {
			isa = PBXSourcesBuildPhase;
			buildActionMask = 2147483647;
			files = (
				4ED31F62286D195E00F60CB3 /* Tests_iOSLaunchTests.swift in Sources */,
				4ED31F60286D195E00F60CB3 /* Tests_iOS.swift in Sources */,
			);
			runOnlyForDeploymentPostprocessing = 0;
		};
		4ED31F63286D195E00F60CB3 /* Sources */ = {
			isa = PBXSourcesBuildPhase;
			buildActionMask = 2147483647;
			files = (
				4ED31F6E286D195E00F60CB3 /* Tests_macOSLaunchTests.swift in Sources */,
				4ED31F6C286D195E00F60CB3 /* Tests_macOS.swift in Sources */,
			);
			runOnlyForDeploymentPostprocessing = 0;
		};
/* End PBXSourcesBuildPhase section */

/* Begin PBXTargetDependency section */
		4ED31F5D286D195E00F60CB3 /* PBXTargetDependency */ = {
			isa = PBXTargetDependency;
			target = 4ED31F4D286D195E00F60CB3 /* Doggo (iOS) */;
			targetProxy = 4ED31F5C286D195E00F60CB3 /* PBXContainerItemProxy */;
		};
		4ED31F69286D195E00F60CB3 /* PBXTargetDependency */ = {
			isa = PBXTargetDependency;
			target = 4ED31F53286D195E00F60CB3 /* Doggo (macOS) */;
			targetProxy = 4ED31F68286D195E00F60CB3 /* PBXContainerItemProxy */;
		};
/* End PBXTargetDependency section */

/* Begin XCBuildConfiguration section */
		4ED31F75286D195E00F60CB3 /* Debug */ = {
			isa = XCBuildConfiguration;
			buildSettings = {
				ALWAYS_SEARCH_USER_PATHS = NO;
				CLANG_ANALYZER_NONNULL = YES;
				CLANG_ANALYZER_NUMBER_OBJECT_CONVERSION = YES_AGGRESSIVE;
				CLANG_CXX_LANGUAGE_STANDARD = "gnu++17";
				CLANG_ENABLE_MODULES = YES;
				CLANG_ENABLE_OBJC_ARC = YES;
				CLANG_ENABLE_OBJC_WEAK = YES;
				CLANG_WARN_BLOCK_CAPTURE_AUTORELEASING = YES;
				CLANG_WARN_BOOL_CONVERSION = YES;
				CLANG_WARN_COMMA = YES;
				CLANG_WARN_CONSTANT_CONVERSION = YES;
				CLANG_WARN_DEPRECATED_OBJC_IMPLEMENTATIONS = YES;
				CLANG_WARN_DIRECT_OBJC_ISA_USAGE = YES_ERROR;
				CLANG_WARN_DOCUMENTATION_COMMENTS = YES;
				CLANG_WARN_EMPTY_BODY = YES;
				CLANG_WARN_ENUM_CONVERSION = YES;
				CLANG_WARN_INFINITE_RECURSION = YES;
				CLANG_WARN_INT_CONVERSION = YES;
				CLANG_WARN_NON_LITERAL_NULL_CONVERSION = YES;
				CLANG_WARN_OBJC_IMPLICIT_RETAIN_SELF = YES;
				CLANG_WARN_OBJC_LITERAL_CONVERSION = YES;
				CLANG_WARN_OBJC_ROOT_CLASS = YES_ERROR;
				CLANG_WARN_QUOTED_INCLUDE_IN_FRAMEWORK_HEADER = YES;
				CLANG_WARN_RANGE_LOOP_ANALYSIS = YES;
				CLANG_WARN_STRICT_PROTOTYPES = YES;
				CLANG_WARN_SUSPICIOUS_MOVE = YES;
				CLANG_WARN_UNGUARDED_AVAILABILITY = YES_AGGRESSIVE;
				CLANG_WARN_UNREACHABLE_CODE = YES;
				CLANG_WARN__DUPLICATE_METHOD_MATCH = YES;
				COPY_PHASE_STRIP = NO;
				DEBUG_INFORMATION_FORMAT = dwarf;
				ENABLE_STRICT_OBJC_MSGSEND = YES;
				ENABLE_TESTABILITY = YES;
				GCC_C_LANGUAGE_STANDARD = gnu11;
				GCC_DYNAMIC_NO_PIC = NO;
				GCC_NO_COMMON_BLOCKS = YES;
				GCC_OPTIMIZATION_LEVEL = 0;
				GCC_PREPROCESSOR_DEFINITIONS = (
					"DEBUG=1",
					"$(inherited)",
				);
				GCC_WARN_64_TO_32_BIT_CONVERSION = YES;
				GCC_WARN_ABOUT_RETURN_TYPE = YES_ERROR;
				GCC_WARN_UNDECLARED_SELECTOR = YES;
				GCC_WARN_UNINITIALIZED_AUTOS = YES_AGGRESSIVE;
				GCC_WARN_UNUSED_FUNCTION = YES;
				GCC_WARN_UNUSED_VARIABLE = YES;
				MTL_ENABLE_DEBUG_INFO = INCLUDE_SOURCE;
				MTL_FAST_MATH = YES;
				ONLY_ACTIVE_ARCH = YES;
				SWIFT_ACTIVE_COMPILATION_CONDITIONS = DEBUG;
				SWIFT_OPTIMIZATION_LEVEL = "-Onone";
			};
			name = Debug;
		};
		4ED31F76286D195E00F60CB3 /* Release */ = {
			isa = XCBuildConfiguration;
			buildSettings = {
				ALWAYS_SEARCH_USER_PATHS = NO;
				CLANG_ANALYZER_NONNULL = YES;
				CLANG_ANALYZER_NUMBER_OBJECT_CONVERSION = YES_AGGRESSIVE;
				CLANG_CXX_LANGUAGE_STANDARD = "gnu++17";
				CLANG_ENABLE_MODULES = YES;
				CLANG_ENABLE_OBJC_ARC = YES;
				CLANG_ENABLE_OBJC_WEAK = YES;
				CLANG_WARN_BLOCK_CAPTURE_AUTORELEASING = YES;
				CLANG_WARN_BOOL_CONVERSION = YES;
				CLANG_WARN_COMMA = YES;
				CLANG_WARN_CONSTANT_CONVERSION = YES;
				CLANG_WARN_DEPRECATED_OBJC_IMPLEMENTATIONS = YES;
				CLANG_WARN_DIRECT_OBJC_ISA_USAGE = YES_ERROR;
				CLANG_WARN_DOCUMENTATION_COMMENTS = YES;
				CLANG_WARN_EMPTY_BODY = YES;
				CLANG_WARN_ENUM_CONVERSION = YES;
				CLANG_WARN_INFINITE_RECURSION = YES;
				CLANG_WARN_INT_CONVERSION = YES;
				CLANG_WARN_NON_LITERAL_NULL_CONVERSION = YES;
				CLANG_WARN_OBJC_IMPLICIT_RETAIN_SELF = YES;
				CLANG_WARN_OBJC_LITERAL_CONVERSION = YES;
				CLANG_WARN_OBJC_ROOT_CLASS = YES_ERROR;
				CLANG_WARN_QUOTED_INCLUDE_IN_FRAMEWORK_HEADER = YES;
				CLANG_WARN_RANGE_LOOP_ANALYSIS = YES;
				CLANG_WARN_STRICT_PROTOTYPES = YES;
				CLANG_WARN_SUSPICIOUS_MOVE = YES;
				CLANG_WARN_UNGUARDED_AVAILABILITY = YES_AGGRESSIVE;
				CLANG_WARN_UNREACHABLE_CODE = YES;
				CLANG_WARN__DUPLICATE_METHOD_MATCH = YES;
				COPY_PHASE_STRIP = NO;
				DEBUG_INFORMATION_FORMAT = "dwarf-with-dsym";
				ENABLE_NS_ASSERTIONS = NO;
				ENABLE_STRICT_OBJC_MSGSEND = YES;
				GCC_C_LANGUAGE_STANDARD = gnu11;
				GCC_NO_COMMON_BLOCKS = YES;
				GCC_WARN_64_TO_32_BIT_CONVERSION = YES;
				GCC_WARN_ABOUT_RETURN_TYPE = YES_ERROR;
				GCC_WARN_UNDECLARED_SELECTOR = YES;
				GCC_WARN_UNINITIALIZED_AUTOS = YES_AGGRESSIVE;
				GCC_WARN_UNUSED_FUNCTION = YES;
				GCC_WARN_UNUSED_VARIABLE = YES;
				MTL_ENABLE_DEBUG_INFO = NO;
				MTL_FAST_MATH = YES;
				SWIFT_COMPILATION_MODE = wholemodule;
				SWIFT_OPTIMIZATION_LEVEL = "-O";
			};
			name = Release;
		};
		4ED31F78286D195E00F60CB3 /* Debug */ = {
			isa = XCBuildConfiguration;
			buildSettings = {
				ASSETCATALOG_COMPILER_APPICON_NAME = AppIcon;
				ASSETCATALOG_COMPILER_GLOBAL_ACCENT_COLOR_NAME = AccentColor;
				CODE_SIGN_STYLE = Automatic;
				CURRENT_PROJECT_VERSION = 1;
				DEVELOPMENT_TEAM = 6WY65SAG73;
				ENABLE_PREVIEWS = YES;
				GENERATE_INFOPLIST_FILE = YES;
				INFOPLIST_KEY_UIApplicationSceneManifest_Generation = YES;
				INFOPLIST_KEY_UIApplicationSupportsIndirectInputEvents = YES;
				INFOPLIST_KEY_UILaunchScreen_Generation = YES;
				INFOPLIST_KEY_UISupportedInterfaceOrientations_iPad = "UIInterfaceOrientationPortrait UIInterfaceOrientationPortraitUpsideDown UIInterfaceOrientationLandscapeLeft UIInterfaceOrientationLandscapeRight";
				INFOPLIST_KEY_UISupportedInterfaceOrientations_iPhone = "UIInterfaceOrientationPortrait UIInterfaceOrientationLandscapeLeft UIInterfaceOrientationLandscapeRight";
				IPHONEOS_DEPLOYMENT_TARGET = 15.5;
				LD_RUNPATH_SEARCH_PATHS = (
					"$(inherited)",
					"@executable_path/Frameworks",
				);
				MARKETING_VERSION = 1.0;
				PRODUCT_BUNDLE_IDENTIFIER = me.blanik.Doggo;
				PRODUCT_NAME = Doggo;
				SDKROOT = iphoneos;
				SWIFT_EMIT_LOC_STRINGS = YES;
				SWIFT_VERSION = 5.0;
				TARGETED_DEVICE_FAMILY = "1,2";
			};
			name = Debug;
		};
		4ED31F79286D195E00F60CB3 /* Release */ = {
			isa = XCBuildConfiguration;
			buildSettings = {
				ASSETCATALOG_COMPILER_APPICON_NAME = AppIcon;
				ASSETCATALOG_COMPILER_GLOBAL_ACCENT_COLOR_NAME = AccentColor;
				CODE_SIGN_STYLE = Automatic;
				CURRENT_PROJECT_VERSION = 1;
				DEVELOPMENT_TEAM = 6WY65SAG73;
				ENABLE_PREVIEWS = YES;
				GENERATE_INFOPLIST_FILE = YES;
				INFOPLIST_KEY_UIApplicationSceneManifest_Generation = YES;
				INFOPLIST_KEY_UIApplicationSupportsIndirectInputEvents = YES;
				INFOPLIST_KEY_UILaunchScreen_Generation = YES;
				INFOPLIST_KEY_UISupportedInterfaceOrientations_iPad = "UIInterfaceOrientationPortrait UIInterfaceOrientationPortraitUpsideDown UIInterfaceOrientationLandscapeLeft UIInterfaceOrientationLandscapeRight";
				INFOPLIST_KEY_UISupportedInterfaceOrientations_iPhone = "UIInterfaceOrientationPortrait UIInterfaceOrientationLandscapeLeft UIInterfaceOrientationLandscapeRight";
				IPHONEOS_DEPLOYMENT_TARGET = 15.5;
				LD_RUNPATH_SEARCH_PATHS = (
					"$(inherited)",
					"@executable_path/Frameworks",
				);
				MARKETING_VERSION = 1.0;
				PRODUCT_BUNDLE_IDENTIFIER = me.blanik.Doggo;
				PRODUCT_NAME = Doggo;
				SDKROOT = iphoneos;
				SWIFT_EMIT_LOC_STRINGS = YES;
				SWIFT_VERSION = 5.0;
				TARGETED_DEVICE_FAMILY = "1,2";
				VALIDATE_PRODUCT = YES;
			};
			name = Release;
		};
		4ED31F7B286D195E00F60CB3 /* Debug */ = {
			isa = XCBuildConfiguration;
			buildSettings = {
				ASSETCATALOG_COMPILER_APPICON_NAME = AppIcon;
				ASSETCATALOG_COMPILER_GLOBAL_ACCENT_COLOR_NAME = AccentColor;
				CODE_SIGN_ENTITLEMENTS = macOS/macOS.entitlements;
				CODE_SIGN_STYLE = Automatic;
				COMBINE_HIDPI_IMAGES = YES;
				CURRENT_PROJECT_VERSION = 1;
				DEVELOPMENT_TEAM = 6WY65SAG73;
				ENABLE_HARDENED_RUNTIME = YES;
				ENABLE_PREVIEWS = YES;
				GENERATE_INFOPLIST_FILE = YES;
				INFOPLIST_KEY_NSHumanReadableCopyright = "";
				LD_RUNPATH_SEARCH_PATHS = (
					"$(inherited)",
					"@executable_path/../Frameworks",
				);
				MACOSX_DEPLOYMENT_TARGET = 12.3;
				MARKETING_VERSION = 1.0;
				PRODUCT_BUNDLE_IDENTIFIER = me.blanik.Doggo;
				PRODUCT_NAME = Doggo;
				SDKROOT = macosx;
				SWIFT_EMIT_LOC_STRINGS = YES;
				SWIFT_VERSION = 5.0;
			};
			name = Debug;
		};
		4ED31F7C286D195E00F60CB3 /* Release */ = {
			isa = XCBuildConfiguration;
			buildSettings = {
				ASSETCATALOG_COMPILER_APPICON_NAME = AppIcon;
				ASSETCATALOG_COMPILER_GLOBAL_ACCENT_COLOR_NAME = AccentColor;
				CODE_SIGN_ENTITLEMENTS = macOS/macOS.entitlements;
				CODE_SIGN_STYLE = Automatic;
				COMBINE_HIDPI_IMAGES = YES;
				CURRENT_PROJECT_VERSION = 1;
				DEVELOPMENT_TEAM = 6WY65SAG73;
				ENABLE_HARDENED_RUNTIME = YES;
				ENABLE_PREVIEWS = YES;
				GENERATE_INFOPLIST_FILE = YES;
				INFOPLIST_KEY_NSHumanReadableCopyright = "";
				LD_RUNPATH_SEARCH_PATHS = (
					"$(inherited)",
					"@executable_path/../Frameworks",
				);
				MACOSX_DEPLOYMENT_TARGET = 12.3;
				MARKETING_VERSION = 1.0;
				PRODUCT_BUNDLE_IDENTIFIER = me.blanik.Doggo;
				PRODUCT_NAME = Doggo;
				SDKROOT = macosx;
				SWIFT_EMIT_LOC_STRINGS = YES;
				SWIFT_VERSION = 5.0;
			};
			name = Release;
		};
		4ED31F7E286D195E00F60CB3 /* Debug */ = {
			isa = XCBuildConfiguration;
			buildSettings = {
				ALWAYS_EMBED_SWIFT_STANDARD_LIBRARIES = YES;
				CODE_SIGN_STYLE = Automatic;
				CURRENT_PROJECT_VERSION = 1;
				DEVELOPMENT_TEAM = 6WY65SAG73;
				GENERATE_INFOPLIST_FILE = YES;
				IPHONEOS_DEPLOYMENT_TARGET = 15.5;
				MARKETING_VERSION = 1.0;
				PRODUCT_BUNDLE_IDENTIFIER = "me.blanik.Tests-iOS";
				PRODUCT_NAME = "$(TARGET_NAME)";
				SDKROOT = iphoneos;
				SWIFT_EMIT_LOC_STRINGS = NO;
				SWIFT_VERSION = 5.0;
				TARGETED_DEVICE_FAMILY = "1,2";
				TEST_TARGET_NAME = "Doggo (iOS)";
			};
			name = Debug;
		};
		4ED31F7F286D195E00F60CB3 /* Release */ = {
			isa = XCBuildConfiguration;
			buildSettings = {
				ALWAYS_EMBED_SWIFT_STANDARD_LIBRARIES = YES;
				CODE_SIGN_STYLE = Automatic;
				CURRENT_PROJECT_VERSION = 1;
				DEVELOPMENT_TEAM = 6WY65SAG73;
				GENERATE_INFOPLIST_FILE = YES;
				IPHONEOS_DEPLOYMENT_TARGET = 15.5;
				MARKETING_VERSION = 1.0;
				PRODUCT_BUNDLE_IDENTIFIER = "me.blanik.Tests-iOS";
				PRODUCT_NAME = "$(TARGET_NAME)";
				SDKROOT = iphoneos;
				SWIFT_EMIT_LOC_STRINGS = NO;
				SWIFT_VERSION = 5.0;
				TARGETED_DEVICE_FAMILY = "1,2";
				TEST_TARGET_NAME = "Doggo (iOS)";
				VALIDATE_PRODUCT = YES;
			};
			name = Release;
		};
		4ED31F81286D195E00F60CB3 /* Debug */ = {
			isa = XCBuildConfiguration;
			buildSettings = {
				ALWAYS_EMBED_SWIFT_STANDARD_LIBRARIES = YES;
				CODE_SIGN_STYLE = Automatic;
				CURRENT_PROJECT_VERSION = 1;
				DEVELOPMENT_TEAM = 6WY65SAG73;
				GENERATE_INFOPLIST_FILE = YES;
				MACOSX_DEPLOYMENT_TARGET = 12.3;
				MARKETING_VERSION = 1.0;
				PRODUCT_BUNDLE_IDENTIFIER = "me.blanik.Tests-macOS";
				PRODUCT_NAME = "$(TARGET_NAME)";
				SDKROOT = macosx;
				SWIFT_EMIT_LOC_STRINGS = NO;
				SWIFT_VERSION = 5.0;
				TEST_TARGET_NAME = "Doggo (macOS)";
			};
			name = Debug;
		};
		4ED31F82286D195E00F60CB3 /* Release */ = {
			isa = XCBuildConfiguration;
			buildSettings = {
				ALWAYS_EMBED_SWIFT_STANDARD_LIBRARIES = YES;
				CODE_SIGN_STYLE = Automatic;
				CURRENT_PROJECT_VERSION = 1;
				DEVELOPMENT_TEAM = 6WY65SAG73;
				GENERATE_INFOPLIST_FILE = YES;
				MACOSX_DEPLOYMENT_TARGET = 12.3;
				MARKETING_VERSION = 1.0;
				PRODUCT_BUNDLE_IDENTIFIER = "me.blanik.Tests-macOS";
				PRODUCT_NAME = "$(TARGET_NAME)";
				SDKROOT = macosx;
				SWIFT_EMIT_LOC_STRINGS = NO;
				SWIFT_VERSION = 5.0;
				TEST_TARGET_NAME = "Doggo (macOS)";
			};
			name = Release;
		};
/* End XCBuildConfiguration section */

/* Begin XCConfigurationList section */
		4ED31F45286D195C00F60CB3 /* Build configuration list for PBXProject "Doggo" */ = {
			isa = XCConfigurationList;
			buildConfigurations = (
				4ED31F75286D195E00F60CB3 /* Debug */,
				4ED31F76286D195E00F60CB3 /* Release */,
			);
			defaultConfigurationIsVisible = 0;
			defaultConfigurationName = Release;
		};
		4ED31F77286D195E00F60CB3 /* Build configuration list for PBXNativeTarget "Doggo (iOS)" */ = {
			isa = XCConfigurationList;
			buildConfigurations = (
				4ED31F78286D195E00F60CB3 /* Debug */,
				4ED31F79286D195E00F60CB3 /* Release */,
			);
			defaultConfigurationIsVisible = 0;
			defaultConfigurationName = Release;
		};
		4ED31F7A286D195E00F60CB3 /* Build configuration list for PBXNativeTarget "Doggo (macOS)" */ = {
			isa = XCConfigurationList;
			buildConfigurations = (
				4ED31F7B286D195E00F60CB3 /* Debug */,
				4ED31F7C286D195E00F60CB3 /* Release */,
			);
			defaultConfigurationIsVisible = 0;
			defaultConfigurationName = Release;
		};
		4ED31F7D286D195E00F60CB3 /* Build configuration list for PBXNativeTarget "Tests iOS" */ = {
			isa = XCConfigurationList;
			buildConfigurations = (
				4ED31F7E286D195E00F60CB3 /* Debug */,
				4ED31F7F286D195E00F60CB3 /* Release */,
			);
			defaultConfigurationIsVisible = 0;
			defaultConfigurationName = Release;
		};
		4ED31F80286D195E00F60CB3 /* Build configuration list for PBXNativeTarget "Tests macOS" */ = {
			isa = XCConfigurationList;
			buildConfigurations = (
				4ED31F81286D195E00F60CB3 /* Debug */,
				4ED31F82286D195E00F60CB3 /* Release */,
			);
			defaultConfigurationIsVisible = 0;
			defaultConfigurationName = Release;
		};
/* End XCConfigurationList section */
	};
	rootObject = 4ED31F42286D195C00F60CB3 /* Project object */;
}
